// !$*UTF8*$!
{
	archiveVersion = 1;
	classes = {
	};
	objectVersion = 77;
	objects = {

/* Begin PBXContainerItemProxy section */
		766E87972CB78E0C004D588D /* PBXContainerItemProxy */ = {
			isa = PBXContainerItemProxy;
			containerPortal = 766E877E2CB78E0B004D588D /* Project object */;
			proxyType = 1;
			remoteGlobalIDString = 766E87852CB78E0B004D588D;
			remoteInfo = Budgetwise_homePage;
		};
		766E87A12CB78E0C004D588D /* PBXContainerItemProxy */ = {
			isa = PBXContainerItemProxy;
			containerPortal = 766E877E2CB78E0B004D588D /* Project object */;
			proxyType = 1;
			remoteGlobalIDString = 766E87852CB78E0B004D588D;
			remoteInfo = Budgetwise_homePage;
		};
/* End PBXContainerItemProxy section */

/* Begin PBXFileReference section */
		766E87862CB78E0B004D588D /* Budgetwise_homePage.app */ = {isa = PBXFileReference; explicitFileType = wrapper.application; includeInIndex = 0; path = Budgetwise_homePage.app; sourceTree = BUILT_PRODUCTS_DIR; };
		766E87962CB78E0C004D588D /* Budgetwise_homePageTests.xctest */ = {isa = PBXFileReference; explicitFileType = wrapper.cfbundle; includeInIndex = 0; path = Budgetwise_homePageTests.xctest; sourceTree = BUILT_PRODUCTS_DIR; };
		766E87A02CB78E0C004D588D /* Budgetwise_homePageUITests.xctest */ = {isa = PBXFileReference; explicitFileType = wrapper.cfbundle; includeInIndex = 0; path = Budgetwise_homePageUITests.xctest; sourceTree = BUILT_PRODUCTS_DIR; };
/* End PBXFileReference section */

/* Begin PBXFileSystemSynchronizedBuildFileExceptionSet section */
		76BF42432CCC4CA700AFF03F /* Exceptions for "Budgetwise_homePage" folder in "Budgetwise_homePage" target */ = {
			isa = PBXFileSystemSynchronizedBuildFileExceptionSet;
			membershipExceptions = (
				"Preview Content/Assets.xcassets",
			);
			target = 766E87852CB78E0B004D588D /* Budgetwise_homePage */;
		};
/* End PBXFileSystemSynchronizedBuildFileExceptionSet section */

/* Begin PBXFileSystemSynchronizedRootGroup section */
		766E87882CB78E0B004D588D /* Budgetwise_homePage */ = {
			isa = PBXFileSystemSynchronizedRootGroup;
			exceptions = (
				76BF42432CCC4CA700AFF03F /* Exceptions for "Budgetwise_homePage" folder in "Budgetwise_homePage" target */,
			);
			path = Budgetwise_homePage;
			sourceTree = "<group>";
		};
		766E87992CB78E0C004D588D /* Budgetwise_homePageTests */ = {
			isa = PBXFileSystemSynchronizedRootGroup;
			path = Budgetwise_homePageTests;
			sourceTree = "<group>";
		};
		766E87A32CB78E0C004D588D /* Budgetwise_homePageUITests */ = {
			isa = PBXFileSystemSynchronizedRootGroup;
			path = Budgetwise_homePageUITests;
			sourceTree = "<group>";
		};
/* End PBXFileSystemSynchronizedRootGroup section */

/* Begin PBXFrameworksBuildPhase section */
		766E87832CB78E0B004D588D /* Frameworks */ = {
			isa = PBXFrameworksBuildPhase;
			buildActionMask = 2147483647;
			files = (
			);
			runOnlyForDeploymentPostprocessing = 0;
		};
		766E87932CB78E0C004D588D /* Frameworks */ = {
			isa = PBXFrameworksBuildPhase;
			buildActionMask = 2147483647;
			files = (
			);
			runOnlyForDeploymentPostprocessing = 0;
		};
		766E879D2CB78E0C004D588D /* Frameworks */ = {
			isa = PBXFrameworksBuildPhase;
			buildActionMask = 2147483647;
			files = (
			);
			runOnlyForDeploymentPostprocessing = 0;
		};
/* End PBXFrameworksBuildPhase section */

/* Begin PBXGroup section */
		766E877D2CB78E0B004D588D = {
			isa = PBXGroup;
			children = (
				766E87882CB78E0B004D588D /* Budgetwise_homePage */,
				766E87992CB78E0C004D588D /* Budgetwise_homePageTests */,
				766E87A32CB78E0C004D588D /* Budgetwise_homePageUITests */,
				766E87872CB78E0B004D588D /* Products */,
			);
			sourceTree = "<group>";
		};
		766E87872CB78E0B004D588D /* Products */ = {
			isa = PBXGroup;
			children = (
				766E87862CB78E0B004D588D /* Budgetwise_homePage.app */,
				766E87962CB78E0C004D588D /* Budgetwise_homePageTests.xctest */,
				766E87A02CB78E0C004D588D /* Budgetwise_homePageUITests.xctest */,
			);
			name = Products;
			sourceTree = "<group>";
		};
/* End PBXGroup section */

/* Begin PBXNativeTarget section */
		766E87852CB78E0B004D588D /* Budgetwise_homePage */ = {
			isa = PBXNativeTarget;
			buildConfigurationList = 766E87AA2CB78E0C004D588D /* Build configuration list for PBXNativeTarget "Budgetwise_homePage" */;
			buildPhases = (
				766E87822CB78E0B004D588D /* Sources */,
				766E87832CB78E0B004D588D /* Frameworks */,
				766E87842CB78E0B004D588D /* Resources */,
			);
			buildRules = (
			);
			dependencies = (
			);
			fileSystemSynchronizedGroups = (
				766E87882CB78E0B004D588D /* Budgetwise_homePage */,
			);
			name = Budgetwise_homePage;
			packageProductDependencies = (
			);
			productName = Budgetwise_homePage;
			productReference = 766E87862CB78E0B004D588D /* Budgetwise_homePage.app */;
			productType = "com.apple.product-type.application";
		};
		766E87952CB78E0C004D588D /* Budgetwise_homePageTests */ = {
			isa = PBXNativeTarget;
			buildConfigurationList = 766E87AD2CB78E0C004D588D /* Build configuration list for PBXNativeTarget "Budgetwise_homePageTests" */;
			buildPhases = (
				766E87922CB78E0C004D588D /* Sources */,
				766E87932CB78E0C004D588D /* Frameworks */,
				766E87942CB78E0C004D588D /* Resources */,
			);
			buildRules = (
			);
			dependencies = (
				766E87982CB78E0C004D588D /* PBXTargetDependency */,
			);
			fileSystemSynchronizedGroups = (
				766E87992CB78E0C004D588D /* Budgetwise_homePageTests */,
			);
			name = Budgetwise_homePageTests;
			packageProductDependencies = (
			);
			productName = Budgetwise_homePageTests;
			productReference = 766E87962CB78E0C004D588D /* Budgetwise_homePageTests.xctest */;
			productType = "com.apple.product-type.bundle.unit-test";
		};
		766E879F2CB78E0C004D588D /* Budgetwise_homePageUITests */ = {
			isa = PBXNativeTarget;
			buildConfigurationList = 766E87B02CB78E0C004D588D /* Build configuration list for PBXNativeTarget "Budgetwise_homePageUITests" */;
			buildPhases = (
				766E879C2CB78E0C004D588D /* Sources */,
				766E879D2CB78E0C004D588D /* Frameworks */,
				766E879E2CB78E0C004D588D /* Resources */,
			);
			buildRules = (
			);
			dependencies = (
				766E87A22CB78E0C004D588D /* PBXTargetDependency */,
			);
			fileSystemSynchronizedGroups = (
				766E87A32CB78E0C004D588D /* Budgetwise_homePageUITests */,
			);
			name = Budgetwise_homePageUITests;
			packageProductDependencies = (
			);
			productName = Budgetwise_homePageUITests;
			productReference = 766E87A02CB78E0C004D588D /* Budgetwise_homePageUITests.xctest */;
			productType = "com.apple.product-type.bundle.ui-testing";
		};
/* End PBXNativeTarget section */

/* Begin PBXProject section */
		766E877E2CB78E0B004D588D /* Project object */ = {
			isa = PBXProject;
			attributes = {
				BuildIndependentTargetsInParallel = 1;
				LastSwiftUpdateCheck = 1600;
				LastUpgradeCheck = 1600;
				TargetAttributes = {
					766E87852CB78E0B004D588D = {
						CreatedOnToolsVersion = 16.0;
					};
					766E87952CB78E0C004D588D = {
						CreatedOnToolsVersion = 16.0;
						TestTargetID = 766E87852CB78E0B004D588D;
					};
					766E879F2CB78E0C004D588D = {
						CreatedOnToolsVersion = 16.0;
						TestTargetID = 766E87852CB78E0B004D588D;
					};
				};
			};
			buildConfigurationList = 766E87812CB78E0B004D588D /* Build configuration list for PBXProject "Budgetwise_homePage" */;
			developmentRegion = en;
			hasScannedForEncodings = 0;
			knownRegions = (
				en,
				Base,
			);
			mainGroup = 766E877D2CB78E0B004D588D;
			minimizedProjectReferenceProxies = 1;
			preferredProjectObjectVersion = 77;
			productRefGroup = 766E87872CB78E0B004D588D /* Products */;
			projectDirPath = "";
			projectRoot = "";
			targets = (
				766E87852CB78E0B004D588D /* Budgetwise_homePage */,
				766E87952CB78E0C004D588D /* Budgetwise_homePageTests */,
				766E879F2CB78E0C004D588D /* Budgetwise_homePageUITests */,
			);
		};
/* End PBXProject section */

/* Begin PBXResourcesBuildPhase section */
		766E87842CB78E0B004D588D /* Resources */ = {
			isa = PBXResourcesBuildPhase;
			buildActionMask = 2147483647;
			files = (
			);
			runOnlyForDeploymentPostprocessing = 0;
		};
		766E87942CB78E0C004D588D /* Resources */ = {
			isa = PBXResourcesBuildPhase;
			buildActionMask = 2147483647;
			files = (
			);
			runOnlyForDeploymentPostprocessing = 0;
		};
		766E879E2CB78E0C004D588D /* Resources */ = {
			isa = PBXResourcesBuildPhase;
			buildActionMask = 2147483647;
			files = (
			);
			runOnlyForDeploymentPostprocessing = 0;
		};
/* End PBXResourcesBuildPhase section */

/* Begin PBXSourcesBuildPhase section */
		766E87822CB78E0B004D588D /* Sources */ = {
			isa = PBXSourcesBuildPhase;
			buildActionMask = 2147483647;
			files = (
			);
			runOnlyForDeploymentPostprocessing = 0;
		};
		766E87922CB78E0C004D588D /* Sources */ = {
			isa = PBXSourcesBuildPhase;
			buildActionMask = 2147483647;
			files = (
			);
			runOnlyForDeploymentPostprocessing = 0;
		};
		766E879C2CB78E0C004D588D /* Sources */ = {
			isa = PBXSourcesBuildPhase;
			buildActionMask = 2147483647;
			files = (
			);
			runOnlyForDeploymentPostprocessing = 0;
		};
/* End PBXSourcesBuildPhase section */

/* Begin PBXTargetDependency section */
		766E87982CB78E0C004D588D /* PBXTargetDependency */ = {
			isa = PBXTargetDependency;
			target = 766E87852CB78E0B004D588D /* Budgetwise_homePage */;
			targetProxy = 766E87972CB78E0C004D588D /* PBXContainerItemProxy */;
		};
		766E87A22CB78E0C004D588D /* PBXTargetDependency */ = {
			isa = PBXTargetDependency;
			target = 766E87852CB78E0B004D588D /* Budgetwise_homePage */;
			targetProxy = 766E87A12CB78E0C004D588D /* PBXContainerItemProxy */;
		};
/* End PBXTargetDependency section */

/* Begin XCBuildConfiguration section */
		766E87A82CB78E0C004D588D /* Debug */ = {
			isa = XCBuildConfiguration;
			buildSettings = {
				ALWAYS_SEARCH_USER_PATHS = NO;
				ASSETCATALOG_COMPILER_GENERATE_SWIFT_ASSET_SYMBOL_EXTENSIONS = YES;
				CLANG_ANALYZER_NONNULL = YES;
				CLANG_ANALYZER_NUMBER_OBJECT_CONVERSION = YES_AGGRESSIVE;
				CLANG_CXX_LANGUAGE_STANDARD = "gnu++20";
				CLANG_ENABLE_MODULES = YES;
				CLANG_ENABLE_OBJC_ARC = YES;
				CLANG_ENABLE_OBJC_WEAK = YES;
				CLANG_WARN_BLOCK_CAPTURE_AUTORELEASING = YES;
				CLANG_WARN_BOOL_CONVERSION = YES;
				CLANG_WARN_COMMA = YES;
				CLANG_WARN_CONSTANT_CONVERSION = YES;
				CLANG_WARN_DEPRECATED_OBJC_IMPLEMENTATIONS = YES;
				CLANG_WARN_DIRECT_OBJC_ISA_USAGE = YES_ERROR;
				CLANG_WARN_DOCUMENTATION_COMMENTS = YES;
				CLANG_WARN_EMPTY_BODY = YES;
				CLANG_WARN_ENUM_CONVERSION = YES;
				CLANG_WARN_INFINITE_RECURSION = YES;
				CLANG_WARN_INT_CONVERSION = YES;
				CLANG_WARN_NON_LITERAL_NULL_CONVERSION = YES;
				CLANG_WARN_OBJC_IMPLICIT_RETAIN_SELF = YES;
				CLANG_WARN_OBJC_LITERAL_CONVERSION = YES;
				CLANG_WARN_OBJC_ROOT_CLASS = YES_ERROR;
				CLANG_WARN_QUOTED_INCLUDE_IN_FRAMEWORK_HEADER = YES;
				CLANG_WARN_RANGE_LOOP_ANALYSIS = YES;
				CLANG_WARN_STRICT_PROTOTYPES = YES;
				CLANG_WARN_SUSPICIOUS_MOVE = YES;
				CLANG_WARN_UNGUARDED_AVAILABILITY = YES_AGGRESSIVE;
				CLANG_WARN_UNREACHABLE_CODE = YES;
				CLANG_WARN__DUPLICATE_METHOD_MATCH = YES;
				COPY_PHASE_STRIP = NO;
				DEBUG_INFORMATION_FORMAT = dwarf;
				ENABLE_STRICT_OBJC_MSGSEND = YES;
				ENABLE_TESTABILITY = YES;
				ENABLE_USER_SCRIPT_SANDBOXING = YES;
				GCC_C_LANGUAGE_STANDARD = gnu17;
				GCC_DYNAMIC_NO_PIC = NO;
				GCC_NO_COMMON_BLOCKS = YES;
				GCC_OPTIMIZATION_LEVEL = 0;
				GCC_PREPROCESSOR_DEFINITIONS = (
					"DEBUG=1",
					"$(inherited)",
				);
				GCC_WARN_64_TO_32_BIT_CONVERSION = YES;
				GCC_WARN_ABOUT_RETURN_TYPE = YES_ERROR;
				GCC_WARN_UNDECLARED_SELECTOR = YES;
				GCC_WARN_UNINITIALIZED_AUTOS = YES_AGGRESSIVE;
				GCC_WARN_UNUSED_FUNCTION = YES;
				GCC_WARN_UNUSED_VARIABLE = YES;
				IPHONEOS_DEPLOYMENT_TARGET = 18.0;
				LOCALIZATION_PREFERS_STRING_CATALOGS = YES;
				MTL_ENABLE_DEBUG_INFO = INCLUDE_SOURCE;
				MTL_FAST_MATH = YES;
				ONLY_ACTIVE_ARCH = YES;
				SDKROOT = iphoneos;
				SWIFT_ACTIVE_COMPILATION_CONDITIONS = "DEBUG $(inherited)";
				SWIFT_OPTIMIZATION_LEVEL = "-Onone";
			};
			name = Debug;
		};
		766E87A92CB78E0C004D588D /* Release */ = {
			isa = XCBuildConfiguration;
			buildSettings = {
				ALWAYS_SEARCH_USER_PATHS = NO;
				ASSETCATALOG_COMPILER_GENERATE_SWIFT_ASSET_SYMBOL_EXTENSIONS = YES;
				CLANG_ANALYZER_NONNULL = YES;
				CLANG_ANALYZER_NUMBER_OBJECT_CONVERSION = YES_AGGRESSIVE;
				CLANG_CXX_LANGUAGE_STANDARD = "gnu++20";
				CLANG_ENABLE_MODULES = YES;
				CLANG_ENABLE_OBJC_ARC = YES;
				CLANG_ENABLE_OBJC_WEAK = YES;
				CLANG_WARN_BLOCK_CAPTURE_AUTORELEASING = YES;
				CLANG_WARN_BOOL_CONVERSION = YES;
				CLANG_WARN_COMMA = YES;
				CLANG_WARN_CONSTANT_CONVERSION = YES;
				CLANG_WARN_DEPRECATED_OBJC_IMPLEMENTATIONS = YES;
				CLANG_WARN_DIRECT_OBJC_ISA_USAGE = YES_ERROR;
				CLANG_WARN_DOCUMENTATION_COMMENTS = YES;
				CLANG_WARN_EMPTY_BODY = YES;
				CLANG_WARN_ENUM_CONVERSION = YES;
				CLANG_WARN_INFINITE_RECURSION = YES;
				CLANG_WARN_INT_CONVERSION = YES;
				CLANG_WARN_NON_LITERAL_NULL_CONVERSION = YES;
				CLANG_WARN_OBJC_IMPLICIT_RETAIN_SELF = YES;
				CLANG_WARN_OBJC_LITERAL_CONVERSION = YES;
				CLANG_WARN_OBJC_ROOT_CLASS = YES_ERROR;
				CLANG_WARN_QUOTED_INCLUDE_IN_FRAMEWORK_HEADER = YES;
				CLANG_WARN_RANGE_LOOP_ANALYSIS = YES;
				CLANG_WARN_STRICT_PROTOTYPES = YES;
				CLANG_WARN_SUSPICIOUS_MOVE = YES;
				CLANG_WARN_UNGUARDED_AVAILABILITY = YES_AGGRESSIVE;
				CLANG_WARN_UNREACHABLE_CODE = YES;
				CLANG_WARN__DUPLICATE_METHOD_MATCH = YES;
				COPY_PHASE_STRIP = NO;
				DEBUG_INFORMATION_FORMAT = "dwarf-with-dsym";
				ENABLE_NS_ASSERTIONS = NO;
				ENABLE_STRICT_OBJC_MSGSEND = YES;
				ENABLE_USER_SCRIPT_SANDBOXING = YES;
				GCC_C_LANGUAGE_STANDARD = gnu17;
				GCC_NO_COMMON_BLOCKS = YES;
				GCC_WARN_64_TO_32_BIT_CONVERSION = YES;
				GCC_WARN_ABOUT_RETURN_TYPE = YES_ERROR;
				GCC_WARN_UNDECLARED_SELECTOR = YES;
				GCC_WARN_UNINITIALIZED_AUTOS = YES_AGGRESSIVE;
				GCC_WARN_UNUSED_FUNCTION = YES;
				GCC_WARN_UNUSED_VARIABLE = YES;
				IPHONEOS_DEPLOYMENT_TARGET = 18.0;
				LOCALIZATION_PREFERS_STRING_CATALOGS = YES;
				MTL_ENABLE_DEBUG_INFO = NO;
				MTL_FAST_MATH = YES;
				SDKROOT = iphoneos;
				SWIFT_COMPILATION_MODE = wholemodule;
				VALIDATE_PRODUCT = YES;
			};
			name = Release;
		};
		766E87AB2CB78E0C004D588D /* Debug */ = {
			isa = XCBuildConfiguration;
			buildSettings = {
				ASSETCATALOG_COMPILER_APPICON_NAME = AppIcon;
				ASSETCATALOG_COMPILER_GLOBAL_ACCENT_COLOR_NAME = AccentColor;
				CODE_SIGN_STYLE = Automatic;
				CURRENT_PROJECT_VERSION = 1;
				DEVELOPMENT_ASSET_PATHS = "\"Budgetwise_homePage/Preview Content\"";
				DEVELOPMENT_TEAM = 882QF5C68F;
				ENABLE_PREVIEWS = YES;
				GENERATE_INFOPLIST_FILE = YES;
				INFOPLIST_KEY_UIApplicationSceneManifest_Generation = YES;
				INFOPLIST_KEY_UIApplicationSupportsIndirectInputEvents = YES;
				INFOPLIST_KEY_UILaunchScreen_Generation = YES;
				INFOPLIST_KEY_UISupportedInterfaceOrientations_iPad = "UIInterfaceOrientationPortrait UIInterfaceOrientationPortraitUpsideDown UIInterfaceOrientationLandscapeLeft UIInterfaceOrientationLandscapeRight";
				INFOPLIST_KEY_UISupportedInterfaceOrientations_iPhone = "UIInterfaceOrientationPortrait UIInterfaceOrientationLandscapeLeft UIInterfaceOrientationLandscapeRight";
				LD_RUNPATH_SEARCH_PATHS = (
					"$(inherited)",
					"@executable_path/Frameworks",
				);
				MARKETING_VERSION = 1.0;
				PRODUCT_BUNDLE_IDENTIFIER = "conan.Budgetwise-homePage";
				PRODUCT_NAME = "$(TARGET_NAME)";
				SWIFT_EMIT_LOC_STRINGS = YES;
				SWIFT_VERSION = 5.0;
				TARGETED_DEVICE_FAMILY = "1,2";
			};
			name = Debug;
		};
		766E87AC2CB78E0C004D588D /* Release */ = {
			isa = XCBuildConfiguration;
			buildSettings = {
				ASSETCATALOG_COMPILER_APPICON_NAME = AppIcon;
				ASSETCATALOG_COMPILER_GLOBAL_ACCENT_COLOR_NAME = AccentColor;
				CODE_SIGN_STYLE = Automatic;
				CURRENT_PROJECT_VERSION = 1;
				DEVELOPMENT_ASSET_PATHS = "\"Budgetwise_homePage/Preview Content\"";
				DEVELOPMENT_TEAM = 882QF5C68F;
				ENABLE_PREVIEWS = YES;
				GENERATE_INFOPLIST_FILE = YES;
				INFOPLIST_KEY_UIApplicationSceneManifest_Generation = YES;
				INFOPLIST_KEY_UIApplicationSupportsIndirectInputEvents = YES;
				INFOPLIST_KEY_UILaunchScreen_Generation = YES;
				INFOPLIST_KEY_UISupportedInterfaceOrientations_iPad = "UIInterfaceOrientationPortrait UIInterfaceOrientationPortraitUpsideDown UIInterfaceOrientationLandscapeLeft UIInterfaceOrientationLandscapeRight";
				INFOPLIST_KEY_UISupportedInterfaceOrientations_iPhone = "UIInterfaceOrientationPortrait UIInterfaceOrientationLandscapeLeft UIInterfaceOrientationLandscapeRight";
				LD_RUNPATH_SEARCH_PATHS = (
					"$(inherited)",
					"@executable_path/Frameworks",
				);
				MARKETING_VERSION = 1.0;
				PRODUCT_BUNDLE_IDENTIFIER = "conan.Budgetwise-homePage";
				PRODUCT_NAME = "$(TARGET_NAME)";
				SWIFT_EMIT_LOC_STRINGS = YES;
				SWIFT_VERSION = 5.0;
				TARGETED_DEVICE_FAMILY = "1,2";
			};
			name = Release;
		};
		766E87AE2CB78E0C004D588D /* Debug */ = {
			isa = XCBuildConfiguration;
			buildSettings = {
				BUNDLE_LOADER = "$(TEST_HOST)";
				CODE_SIGN_STYLE = Automatic;
				CURRENT_PROJECT_VERSION = 1;
				GENERATE_INFOPLIST_FILE = YES;
				IPHONEOS_DEPLOYMENT_TARGET = 18.0;
				MARKETING_VERSION = 1.0;
				PRODUCT_BUNDLE_IDENTIFIER = "conan.Budgetwise-homePageTests";
				PRODUCT_NAME = "$(TARGET_NAME)";
				SWIFT_EMIT_LOC_STRINGS = NO;
				SWIFT_VERSION = 5.0;
				TARGETED_DEVICE_FAMILY = "1,2";
				TEST_HOST = "$(BUILT_PRODUCTS_DIR)/Budgetwise_homePage.app/$(BUNDLE_EXECUTABLE_FOLDER_PATH)/Budgetwise_homePage";
			};
			name = Debug;
		};
		766E87AF2CB78E0C004D588D /* Release */ = {
			isa = XCBuildConfiguration;
			buildSettings = {
				BUNDLE_LOADER = "$(TEST_HOST)";
				CODE_SIGN_STYLE = Automatic;
				CURRENT_PROJECT_VERSION = 1;
				GENERATE_INFOPLIST_FILE = YES;
				IPHONEOS_DEPLOYMENT_TARGET = 18.0;
				MARKETING_VERSION = 1.0;
				PRODUCT_BUNDLE_IDENTIFIER = "conan.Budgetwise-homePageTests";
				PRODUCT_NAME = "$(TARGET_NAME)";
				SWIFT_EMIT_LOC_STRINGS = NO;
				SWIFT_VERSION = 5.0;
				TARGETED_DEVICE_FAMILY = "1,2";
				TEST_HOST = "$(BUILT_PRODUCTS_DIR)/Budgetwise_homePage.app/$(BUNDLE_EXECUTABLE_FOLDER_PATH)/Budgetwise_homePage";
			};
			name = Release;
		};
		766E87B12CB78E0C004D588D /* Debug */ = {
			isa = XCBuildConfiguration;
			buildSettings = {
				CODE_SIGN_STYLE = Automatic;
				CURRENT_PROJECT_VERSION = 1;
				GENERATE_INFOPLIST_FILE = YES;
				MARKETING_VERSION = 1.0;
				PRODUCT_BUNDLE_IDENTIFIER = "conan.Budgetwise-homePageUITests";
				PRODUCT_NAME = "$(TARGET_NAME)";
				SWIFT_EMIT_LOC_STRINGS = NO;
				SWIFT_VERSION = 5.0;
				TARGETED_DEVICE_FAMILY = "1,2";
				TEST_TARGET_NAME = Budgetwise_homePage;
			};
			name = Debug;
		};
		766E87B22CB78E0C004D588D /* Release */ = {
			isa = XCBuildConfiguration;
			buildSettings = {
				CODE_SIGN_STYLE = Automatic;
				CURRENT_PROJECT_VERSION = 1;
				GENERATE_INFOPLIST_FILE = YES;
				MARKETING_VERSION = 1.0;
				PRODUCT_BUNDLE_IDENTIFIER = "conan.Budgetwise-homePageUITests";
				PRODUCT_NAME = "$(TARGET_NAME)";
				SWIFT_EMIT_LOC_STRINGS = NO;
				SWIFT_VERSION = 5.0;
				TARGETED_DEVICE_FAMILY = "1,2";
				TEST_TARGET_NAME = Budgetwise_homePage;
			};
			name = Release;
		};
/* End XCBuildConfiguration section */

/* Begin XCConfigurationList section */
		766E87812CB78E0B004D588D /* Build configuration list for PBXProject "Budgetwise_homePage" */ = {
			isa = XCConfigurationList;
			buildConfigurations = (
				766E87A82CB78E0C004D588D /* Debug */,
				766E87A92CB78E0C004D588D /* Release */,
			);
			defaultConfigurationIsVisible = 0;
			defaultConfigurationName = Release;
		};
		766E87AA2CB78E0C004D588D /* Build configuration list for PBXNativeTarget "Budgetwise_homePage" */ = {
			isa = XCConfigurationList;
			buildConfigurations = (
				766E87AB2CB78E0C004D588D /* Debug */,
				766E87AC2CB78E0C004D588D /* Release */,
			);
			defaultConfigurationIsVisible = 0;
			defaultConfigurationName = Release;
		};
		766E87AD2CB78E0C004D588D /* Build configuration list for PBXNativeTarget "Budgetwise_homePageTests" */ = {
			isa = XCConfigurationList;
			buildConfigurations = (
				766E87AE2CB78E0C004D588D /* Debug */,
				766E87AF2CB78E0C004D588D /* Release */,
			);
			defaultConfigurationIsVisible = 0;
			defaultConfigurationName = Release;
		};
		766E87B02CB78E0C004D588D /* Build configuration list for PBXNativeTarget "Budgetwise_homePageUITests" */ = {
			isa = XCConfigurationList;
			buildConfigurations = (
				766E87B12CB78E0C004D588D /* Debug */,
				766E87B22CB78E0C004D588D /* Release */,
			);
			defaultConfigurationIsVisible = 0;
			defaultConfigurationName = Release;
		};
/* End XCConfigurationList section */
	};
	rootObject = 766E877E2CB78E0B004D588D /* Project object */;
}
